
Microsoft Visual Studio Solution File, Format Version 12.00
# Visual Studio Version 17
VisualStudioVersion = 17.11.35303.130
MinimumVisualStudioVersion = 10.0.40219.1
Project("{FAE04EC0-301F-11D3-BF4B-00C04F79EFBC}") = "cldv6212_poe_final_st10187895", "cldv6212_poe_final_st10187895.csproj", "{4C712F6E-FFE2-44D8-A345-6B7C1E3D3A7C}"
EndProject
Global
	GlobalSection(SolutionConfigurationPlatforms) = preSolution
		Debug|Any CPU = Debug|Any CPU
		Release|Any CPU = Release|Any CPU
	EndGlobalSection
	GlobalSection(ProjectConfigurationPlatforms) = postSolution
		{4C712F6E-FFE2-44D8-A345-6B7C1E3D3A7C}.Debug|Any CPU.ActiveCfg = Debug|Any CPU
		{4C712F6E-FFE2-44D8-A345-6B7C1E3D3A7C}.Debug|Any CPU.Build.0 = Debug|Any CPU
		{4C712F6E-FFE2-44D8-A345-6B7C1E3D3A7C}.Release|Any CPU.ActiveCfg = Release|Any CPU
		{4C712F6E-FFE2-44D8-A345-6B7C1E3D3A7C}.Release|Any CPU.Build.0 = Release|Any CPU
	EndGlobalSection
	GlobalSection(SolutionProperties) = preSolution
		HideSolutionNode = FALSE
	EndGlobalSection
	GlobalSection(ExtensibilityGlobals) = postSolution
		SolutionGuid = {7568344F-2ED2-4298-9894-EDAABC30F0A1}
	EndGlobalSection
EndGlobal
